
Microsoft Visual Studio Solution File, Format Version 12.00
# Visual Studio Version 17
VisualStudioVersion = 17.10.35013.160
MinimumVisualStudioVersion = 10.0.40219.1
Project("{9A19103F-16F7-4668-BE54-9A1E7A4F7556}") = "SeriesManager", "SeriesManager.csproj", "{C87AE340-6DF3-471A-BACF-73327326568E}"
EndProject
Project("{9A19103F-16F7-4668-BE54-9A1E7A4F7556}") = "SeriesManager_Console", "..\SeriesManager_Console\SeriesManager_Console.csproj", "{AFB06C8C-5EC3-49F3-A151-16737CDF9EB4}"
EndProject
Project("{FAE04EC0-301F-11D3-BF4B-00C04F79EFBC}") = "SerieManager.Shared.Models", "..\SerieManager.Shared.Models\SerieManager.Shared.Models.csproj", "{C90E2FCD-D18C-4C52-97CF-E6405EED6C10}"
EndProject
Project("{FAE04EC0-301F-11D3-BF4B-00C04F79EFBC}") = "SerieManager.Shared.Data", "..\SerieManager.Shared.Data\SerieManager.Shared.Data.csproj", "{E7742994-FF52-47F2-8696-C526FC2FB7F9}"
EndProject
Global
	GlobalSection(SolutionConfigurationPlatforms) = preSolution
		Debug|Any CPU = Debug|Any CPU
		Release|Any CPU = Release|Any CPU
	EndGlobalSection
	GlobalSection(ProjectConfigurationPlatforms) = postSolution
		{C87AE340-6DF3-471A-BACF-73327326568E}.Debug|Any CPU.ActiveCfg = Debug|Any CPU
		{C87AE340-6DF3-471A-BACF-73327326568E}.Debug|Any CPU.Build.0 = Debug|Any CPU
		{C87AE340-6DF3-471A-BACF-73327326568E}.Release|Any CPU.ActiveCfg = Release|Any CPU
		{C87AE340-6DF3-471A-BACF-73327326568E}.Release|Any CPU.Build.0 = Release|Any CPU
		{AFB06C8C-5EC3-49F3-A151-16737CDF9EB4}.Debug|Any CPU.ActiveCfg = Debug|Any CPU
		{AFB06C8C-5EC3-49F3-A151-16737CDF9EB4}.Debug|Any CPU.Build.0 = Debug|Any CPU
		{AFB06C8C-5EC3-49F3-A151-16737CDF9EB4}.Release|Any CPU.ActiveCfg = Release|Any CPU
		{AFB06C8C-5EC3-49F3-A151-16737CDF9EB4}.Release|Any CPU.Build.0 = Release|Any CPU
		{C90E2FCD-D18C-4C52-97CF-E6405EED6C10}.Debug|Any CPU.ActiveCfg = Debug|Any CPU
		{C90E2FCD-D18C-4C52-97CF-E6405EED6C10}.Debug|Any CPU.Build.0 = Debug|Any CPU
		{C90E2FCD-D18C-4C52-97CF-E6405EED6C10}.Release|Any CPU.ActiveCfg = Release|Any CPU
		{C90E2FCD-D18C-4C52-97CF-E6405EED6C10}.Release|Any CPU.Build.0 = Release|Any CPU
		{E7742994-FF52-47F2-8696-C526FC2FB7F9}.Debug|Any CPU.ActiveCfg = Debug|Any CPU
		{E7742994-FF52-47F2-8696-C526FC2FB7F9}.Debug|Any CPU.Build.0 = Debug|Any CPU
		{E7742994-FF52-47F2-8696-C526FC2FB7F9}.Release|Any CPU.ActiveCfg = Release|Any CPU
		{E7742994-FF52-47F2-8696-C526FC2FB7F9}.Release|Any CPU.Build.0 = Release|Any CPU
	EndGlobalSection
	GlobalSection(SolutionProperties) = preSolution
		HideSolutionNode = FALSE
	EndGlobalSection
	GlobalSection(ExtensibilityGlobals) = postSolution
		SolutionGuid = {5C81CCC8-38C1-4AD3-B581-9F3D7EBA5EF0}
	EndGlobalSection
EndGlobal
